// !$*UTF8*$!
{
	archiveVersion = 1;
	classes = {
	};
	objectVersion = 46;
	objects = {

/* Begin PBXBuildFile section */
		D7B3C9881824F3A900EB253A /* Foundation.framework in Frameworks */ = {isa = PBXBuildFile; fileRef = D7B3C9871824F3A900EB253A /* Foundation.framework */; };
		D7B3C98A1824F3A900EB253A /* CoreGraphics.framework in Frameworks */ = {isa = PBXBuildFile; fileRef = D7B3C9891824F3A900EB253A /* CoreGraphics.framework */; };
		D7B3C98C1824F3A900EB253A /* UIKit.framework in Frameworks */ = {isa = PBXBuildFile; fileRef = D7B3C98B1824F3A900EB253A /* UIKit.framework */; };
		D7B3C9921824F3A900EB253A /* InfoPlist.strings in Resources */ = {isa = PBXBuildFile; fileRef = D7B3C9901824F3A900EB253A /* InfoPlist.strings */; };
		D7B3C9941824F3A900EB253A /* main.m in Sources */ = {isa = PBXBuildFile; fileRef = D7B3C9931824F3A900EB253A /* main.m */; };
		D7B3C9981824F3A900EB253A /* AppDelegate.m in Sources */ = {isa = PBXBuildFile; fileRef = D7B3C9971824F3A900EB253A /* AppDelegate.m */; };
		D7B3C99B1824F3A900EB253A /* Main.storyboard in Resources */ = {isa = PBXBuildFile; fileRef = D7B3C9991824F3A900EB253A /* Main.storyboard */; };
		D7B3C99E1824F3A900EB253A /* MainViewController.m in Sources */ = {isa = PBXBuildFile; fileRef = D7B3C99D1824F3A900EB253A /* MainViewController.m */; };
		D7B3C9A01824F3A900EB253A /* Images.xcassets in Resources */ = {isa = PBXBuildFile; fileRef = D7B3C99F1824F3A900EB253A /* Images.xcassets */; };
		D7B3C9A71824F3A900EB253A /* XCTest.framework in Frameworks */ = {isa = PBXBuildFile; fileRef = D7B3C9A61824F3A900EB253A /* XCTest.framework */; };
		D7B3C9A81824F3A900EB253A /* Foundation.framework in Frameworks */ = {isa = PBXBuildFile; fileRef = D7B3C9871824F3A900EB253A /* Foundation.framework */; };
		D7B3C9A91824F3A900EB253A /* UIKit.framework in Frameworks */ = {isa = PBXBuildFile; fileRef = D7B3C98B1824F3A900EB253A /* UIKit.framework */; };
		D7B3C9B11824F3A900EB253A /* InfoPlist.strings in Resources */ = {isa = PBXBuildFile; fileRef = D7B3C9AF1824F3A900EB253A /* InfoPlist.strings */; };
		D7B3C9B31824F3A900EB253A /* PhotoPartyTests.m in Sources */ = {isa = PBXBuildFile; fileRef = D7B3C9B21824F3A900EB253A /* PhotoPartyTests.m */; };
		D7B3C9BE1824FDEB00EB253A /* MissionCreateViewController.m in Sources */ = {isa = PBXBuildFile; fileRef = D7B3C9BD1824FDEB00EB253A /* MissionCreateViewController.m */; };
		D7B3C9C11824FF5600EB253A /* MissionJoinViewController.m in Sources */ = {isa = PBXBuildFile; fileRef = D7B3C9C01824FF5600EB253A /* MissionJoinViewController.m */; };
		D7B3C9C41825077C00EB253A /* CollageViewController.m in Sources */ = {isa = PBXBuildFile; fileRef = D7B3C9C31825077C00EB253A /* CollageViewController.m */; };
		D7CD44ED18251E4F009B2F19 /* TRVSEventSource.m in Sources */ = {isa = PBXBuildFile; fileRef = D7CD44E918251E4F009B2F19 /* TRVSEventSource.m */; };
		D7CD44EE18251E4F009B2F19 /* TRVSServerSentEvent.m in Sources */ = {isa = PBXBuildFile; fileRef = D7CD44EC18251E4F009B2F19 /* TRVSServerSentEvent.m */; };
		D7CD450D18252083009B2F19 /* UIImage+GIF.m in Sources */ = {isa = PBXBuildFile; fileRef = D7CD44F218252083009B2F19 /* UIImage+GIF.m */; settings = {COMPILER_FLAGS = "-fno-objc-arc"; }; };
		D7CD450E18252083009B2F19 /* UIScreen+CBWebImageAdditions.m in Sources */ = {isa = PBXBuildFile; fileRef = D7CD44F418252083009B2F19 /* UIScreen+CBWebImageAdditions.m */; settings = {COMPILER_FLAGS = "-fno-objc-arc"; }; };
		D7CD450F18252083009B2F19 /* CBImageCache.m in Sources */ = {isa = PBXBuildFile; fileRef = D7CD44F618252083009B2F19 /* CBImageCache.m */; settings = {COMPILER_FLAGS = "-fno-objc-arc"; }; };
		D7CD451118252083009B2F19 /* CBWebImageCacheDownloadClient.m in Sources */ = {isa = PBXBuildFile; fileRef = D7CD44FC18252083009B2F19 /* CBWebImageCacheDownloadClient.m */; settings = {COMPILER_FLAGS = "-fno-objc-arc"; }; };
		D7CD451218252083009B2F19 /* CBWebImageDownloadClientBase.m in Sources */ = {isa = PBXBuildFile; fileRef = D7CD450018252083009B2F19 /* CBWebImageDownloadClientBase.m */; settings = {COMPILER_FLAGS = "-fno-objc-arc"; }; };
		D7CD451318252083009B2F19 /* CBWebImageDownloader.m in Sources */ = {isa = PBXBuildFile; fileRef = D7CD450218252083009B2F19 /* CBWebImageDownloader.m */; settings = {COMPILER_FLAGS = "-fno-objc-arc"; }; };
		D7CD451418252083009B2F19 /* CBWebImageManager.m in Sources */ = {isa = PBXBuildFile; fileRef = D7CD450418252083009B2F19 /* CBWebImageManager.m */; settings = {COMPILER_FLAGS = "-fno-objc-arc"; }; };
		D7CD451518252083009B2F19 /* CBWebImageNetworkDownloadClient.m in Sources */ = {isa = PBXBuildFile; fileRef = D7CD450618252083009B2F19 /* CBWebImageNetworkDownloadClient.m */; settings = {COMPILER_FLAGS = "-fno-objc-arc"; }; };
		D7CD451618252083009B2F19 /* CBWebImageUtils.m in Sources */ = {isa = PBXBuildFile; fileRef = D7CD450818252083009B2F19 /* CBWebImageUtils.m */; settings = {COMPILER_FLAGS = "-fno-objc-arc"; }; };
		D7CD451718252083009B2F19 /* UIImageView+CBWebImage.m in Sources */ = {isa = PBXBuildFile; fileRef = D7CD450A18252083009B2F19 /* UIImageView+CBWebImage.m */; settings = {COMPILER_FLAGS = "-fno-objc-arc"; }; };
		D7CD451818252083009B2F19 /* UIImageView+CBWebImageAnimation.m in Sources */ = {isa = PBXBuildFile; fileRef = D7CD450C18252083009B2F19 /* UIImageView+CBWebImageAnimation.m */; settings = {COMPILER_FLAGS = "-fno-objc-arc"; }; };
		D7CD451B18253948009B2F19 /* Utils.m in Sources */ = {isa = PBXBuildFile; fileRef = D7CD451A18253948009B2F19 /* Utils.m */; };
		D7CD451D18253B87009B2F19 /* credentials.txt in Resources */ = {isa = PBXBuildFile; fileRef = D7CD451C18253B87009B2F19 /* credentials.txt */; };
		D7CD453418257CA1009B2F19 /* bnt_new.png in Resources */ = {isa = PBXBuildFile; fileRef = D7CD453018257CA1009B2F19 /* bnt_new.png */; };
		D7CD453518257CA1009B2F19 /* bnt_new@2x.png in Resources */ = {isa = PBXBuildFile; fileRef = D7CD453118257CA1009B2F19 /* bnt_new@2x.png */; };
		D7CD453618257CA1009B2F19 /* btn_join.png in Resources */ = {isa = PBXBuildFile; fileRef = D7CD453218257CA1009B2F19 /* btn_join.png */; };
		D7CD453718257CA1009B2F19 /* btn_join@2x.png in Resources */ = {isa = PBXBuildFile; fileRef = D7CD453318257CA1009B2F19 /* btn_join@2x.png */; };
		D7CD453C18257E50009B2F19 /* icon.png in Resources */ = {isa = PBXBuildFile; fileRef = D7CD453818257E50009B2F19 /* icon.png */; };
		D7CD453D18257E50009B2F19 /* icon@2x.png in Resources */ = {isa = PBXBuildFile; fileRef = D7CD453918257E50009B2F19 /* icon@2x.png */; };
		D7CD453E18257E50009B2F19 /* im_logo_nav.png in Resources */ = {isa = PBXBuildFile; fileRef = D7CD453A18257E50009B2F19 /* im_logo_nav.png */; };
		D7CD453F18257E50009B2F19 /* im_logo_nav@2x.png in Resources */ = {isa = PBXBuildFile; fileRef = D7CD453B18257E50009B2F19 /* im_logo_nav@2x.png */; };
		D7CD4546182580A5009B2F19 /* bg_input.png in Resources */ = {isa = PBXBuildFile; fileRef = D7CD4540182580A5009B2F19 /* bg_input.png */; };
		D7CD4547182580A5009B2F19 /* bg_input@2x.png in Resources */ = {isa = PBXBuildFile; fileRef = D7CD4541182580A5009B2F19 /* bg_input@2x.png */; };
		D7CD4548182580A5009B2F19 /* im_title_code.png in Resources */ = {isa = PBXBuildFile; fileRef = D7CD4542182580A5009B2F19 /* im_title_code.png */; };
		D7CD4549182580A5009B2F19 /* im_title_code@2x.png in Resources */ = {isa = PBXBuildFile; fileRef = D7CD4543182580A5009B2F19 /* im_title_code@2x.png */; };
		D7CD454A182580A5009B2F19 /* im_title_member.png in Resources */ = {isa = PBXBuildFile; fileRef = D7CD4544182580A5009B2F19 /* im_title_member.png */; };
		D7CD454B182580A5009B2F19 /* im_title_member@2x.png in Resources */ = {isa = PBXBuildFile; fileRef = D7CD4545182580A5009B2F19 /* im_title_member@2x.png */; };
/* End PBXBuildFile section */

/* Begin PBXContainerItemProxy section */
		D7B3C9AA1824F3A900EB253A /* PBXContainerItemProxy */ = {
			isa = PBXContainerItemProxy;
			containerPortal = D7B3C97C1824F3A900EB253A /* Project object */;
			proxyType = 1;
			remoteGlobalIDString = D7B3C9831824F3A900EB253A;
			remoteInfo = PhotoParty;
		};
/* End PBXContainerItemProxy section */

/* Begin PBXFileReference section */
		D7B3C9841824F3A900EB253A /* PhotoParty.app */ = {isa = PBXFileReference; explicitFileType = wrapper.application; includeInIndex = 0; path = PhotoParty.app; sourceTree = BUILT_PRODUCTS_DIR; };
		D7B3C9871824F3A900EB253A /* Foundation.framework */ = {isa = PBXFileReference; lastKnownFileType = wrapper.framework; name = Foundation.framework; path = System/Library/Frameworks/Foundation.framework; sourceTree = SDKROOT; };
		D7B3C9891824F3A900EB253A /* CoreGraphics.framework */ = {isa = PBXFileReference; lastKnownFileType = wrapper.framework; name = CoreGraphics.framework; path = System/Library/Frameworks/CoreGraphics.framework; sourceTree = SDKROOT; };
		D7B3C98B1824F3A900EB253A /* UIKit.framework */ = {isa = PBXFileReference; lastKnownFileType = wrapper.framework; name = UIKit.framework; path = System/Library/Frameworks/UIKit.framework; sourceTree = SDKROOT; };
		D7B3C98F1824F3A900EB253A /* PhotoParty-Info.plist */ = {isa = PBXFileReference; lastKnownFileType = text.plist.xml; path = "PhotoParty-Info.plist"; sourceTree = "<group>"; };
		D7B3C9911824F3A900EB253A /* en */ = {isa = PBXFileReference; lastKnownFileType = text.plist.strings; name = en; path = en.lproj/InfoPlist.strings; sourceTree = "<group>"; };
		D7B3C9931824F3A900EB253A /* main.m */ = {isa = PBXFileReference; lastKnownFileType = sourcecode.c.objc; path = main.m; sourceTree = "<group>"; };
		D7B3C9951824F3A900EB253A /* PhotoParty-Prefix.pch */ = {isa = PBXFileReference; lastKnownFileType = sourcecode.c.h; path = "PhotoParty-Prefix.pch"; sourceTree = "<group>"; };
		D7B3C9961824F3A900EB253A /* AppDelegate.h */ = {isa = PBXFileReference; lastKnownFileType = sourcecode.c.h; path = AppDelegate.h; sourceTree = "<group>"; };
		D7B3C9971824F3A900EB253A /* AppDelegate.m */ = {isa = PBXFileReference; lastKnownFileType = sourcecode.c.objc; path = AppDelegate.m; sourceTree = "<group>"; };
		D7B3C99A1824F3A900EB253A /* Base */ = {isa = PBXFileReference; lastKnownFileType = file.storyboard; name = Base; path = Base.lproj/Main.storyboard; sourceTree = "<group>"; };
		D7B3C99C1824F3A900EB253A /* MainViewController.h */ = {isa = PBXFileReference; lastKnownFileType = sourcecode.c.h; path = MainViewController.h; sourceTree = "<group>"; };
		D7B3C99D1824F3A900EB253A /* MainViewController.m */ = {isa = PBXFileReference; lastKnownFileType = sourcecode.c.objc; path = MainViewController.m; sourceTree = "<group>"; };
		D7B3C99F1824F3A900EB253A /* Images.xcassets */ = {isa = PBXFileReference; lastKnownFileType = folder.assetcatalog; path = Images.xcassets; sourceTree = "<group>"; };
		D7B3C9A51824F3A900EB253A /* PhotoPartyTests.xctest */ = {isa = PBXFileReference; explicitFileType = wrapper.cfbundle; includeInIndex = 0; path = PhotoPartyTests.xctest; sourceTree = BUILT_PRODUCTS_DIR; };
		D7B3C9A61824F3A900EB253A /* XCTest.framework */ = {isa = PBXFileReference; lastKnownFileType = wrapper.framework; name = XCTest.framework; path = Library/Frameworks/XCTest.framework; sourceTree = DEVELOPER_DIR; };
		D7B3C9AE1824F3A900EB253A /* PhotoPartyTests-Info.plist */ = {isa = PBXFileReference; lastKnownFileType = text.plist.xml; path = "PhotoPartyTests-Info.plist"; sourceTree = "<group>"; };
		D7B3C9B01824F3A900EB253A /* en */ = {isa = PBXFileReference; lastKnownFileType = text.plist.strings; name = en; path = en.lproj/InfoPlist.strings; sourceTree = "<group>"; };
		D7B3C9B21824F3A900EB253A /* PhotoPartyTests.m */ = {isa = PBXFileReference; lastKnownFileType = sourcecode.c.objc; path = PhotoPartyTests.m; sourceTree = "<group>"; };
		D7B3C9BC1824FDEA00EB253A /* MissionCreateViewController.h */ = {isa = PBXFileReference; fileEncoding = 4; lastKnownFileType = sourcecode.c.h; path = MissionCreateViewController.h; sourceTree = "<group>"; };
		D7B3C9BD1824FDEB00EB253A /* MissionCreateViewController.m */ = {isa = PBXFileReference; fileEncoding = 4; lastKnownFileType = sourcecode.c.objc; path = MissionCreateViewController.m; sourceTree = "<group>"; };
		D7B3C9BF1824FF5600EB253A /* MissionJoinViewController.h */ = {isa = PBXFileReference; fileEncoding = 4; lastKnownFileType = sourcecode.c.h; path = MissionJoinViewController.h; sourceTree = "<group>"; };
		D7B3C9C01824FF5600EB253A /* MissionJoinViewController.m */ = {isa = PBXFileReference; fileEncoding = 4; lastKnownFileType = sourcecode.c.objc; path = MissionJoinViewController.m; sourceTree = "<group>"; };
		D7B3C9C21825077C00EB253A /* CollageViewController.h */ = {isa = PBXFileReference; fileEncoding = 4; lastKnownFileType = sourcecode.c.h; path = CollageViewController.h; sourceTree = "<group>"; };
		D7B3C9C31825077C00EB253A /* CollageViewController.m */ = {isa = PBXFileReference; fileEncoding = 4; lastKnownFileType = sourcecode.c.objc; path = CollageViewController.m; sourceTree = "<group>"; };
		D7CD44E818251E4F009B2F19 /* TRVSEventSource.h */ = {isa = PBXFileReference; fileEncoding = 4; lastKnownFileType = sourcecode.c.h; path = TRVSEventSource.h; sourceTree = "<group>"; };
		D7CD44E918251E4F009B2F19 /* TRVSEventSource.m */ = {isa = PBXFileReference; fileEncoding = 4; lastKnownFileType = sourcecode.c.objc; path = TRVSEventSource.m; sourceTree = "<group>"; };
		D7CD44EA18251E4F009B2F19 /* TRVSEventSourceDelegate.h */ = {isa = PBXFileReference; fileEncoding = 4; lastKnownFileType = sourcecode.c.h; path = TRVSEventSourceDelegate.h; sourceTree = "<group>"; };
		D7CD44EB18251E4F009B2F19 /* TRVSServerSentEvent.h */ = {isa = PBXFileReference; fileEncoding = 4; lastKnownFileType = sourcecode.c.h; path = TRVSServerSentEvent.h; sourceTree = "<group>"; };
		D7CD44EC18251E4F009B2F19 /* TRVSServerSentEvent.m */ = {isa = PBXFileReference; fileEncoding = 4; lastKnownFileType = sourcecode.c.objc; path = TRVSServerSentEvent.m; sourceTree = "<group>"; };
		D7CD44F118252083009B2F19 /* UIImage+GIF.h */ = {isa = PBXFileReference; fileEncoding = 4; lastKnownFileType = sourcecode.c.h; path = "UIImage+GIF.h"; sourceTree = "<group>"; };
		D7CD44F218252083009B2F19 /* UIImage+GIF.m */ = {isa = PBXFileReference; fileEncoding = 4; lastKnownFileType = sourcecode.c.objc; path = "UIImage+GIF.m"; sourceTree = "<group>"; };
		D7CD44F318252083009B2F19 /* UIScreen+CBWebImageAdditions.h */ = {isa = PBXFileReference; fileEncoding = 4; lastKnownFileType = sourcecode.c.h; path = "UIScreen+CBWebImageAdditions.h"; sourceTree = "<group>"; };
		D7CD44F418252083009B2F19 /* UIScreen+CBWebImageAdditions.m */ = {isa = PBXFileReference; fileEncoding = 4; lastKnownFileType = sourcecode.c.objc; path = "UIScreen+CBWebImageAdditions.m"; sourceTree = "<group>"; };
		D7CD44F518252083009B2F19 /* CBImageCache.h */ = {isa = PBXFileReference; fileEncoding = 4; lastKnownFileType = sourcecode.c.h; path = CBImageCache.h; sourceTree = "<group>"; };
		D7CD44F618252083009B2F19 /* CBImageCache.m */ = {isa = PBXFileReference; fileEncoding = 4; lastKnownFileType = sourcecode.c.objc; path = CBImageCache.m; sourceTree = "<group>"; };
		D7CD44F918252083009B2F19 /* CBWebImage-Prefix.pch */ = {isa = PBXFileReference; fileEncoding = 4; lastKnownFileType = sourcecode.c.h; path = "CBWebImage-Prefix.pch"; sourceTree = "<group>"; };
		D7CD44FA18252083009B2F19 /* CBWebImage.h */ = {isa = PBXFileReference; fileEncoding = 4; lastKnownFileType = sourcecode.c.h; path = CBWebImage.h; sourceTree = "<group>"; };
		D7CD44FB18252083009B2F19 /* CBWebImageCacheDownloadClient.h */ = {isa = PBXFileReference; fileEncoding = 4; lastKnownFileType = sourcecode.c.h; path = CBWebImageCacheDownloadClient.h; sourceTree = "<group>"; };
		D7CD44FC18252083009B2F19 /* CBWebImageCacheDownloadClient.m */ = {isa = PBXFileReference; fileEncoding = 4; lastKnownFileType = sourcecode.c.objc; path = CBWebImageCacheDownloadClient.m; sourceTree = "<group>"; };
		D7CD44FD18252083009B2F19 /* CBWebImageCompat.h */ = {isa = PBXFileReference; fileEncoding = 4; lastKnownFileType = sourcecode.c.h; path = CBWebImageCompat.h; sourceTree = "<group>"; };
		D7CD44FE18252083009B2F19 /* CBWebImageDownloadClient.h */ = {isa = PBXFileReference; fileEncoding = 4; lastKnownFileType = sourcecode.c.h; path = CBWebImageDownloadClient.h; sourceTree = "<group>"; };
		D7CD44FF18252083009B2F19 /* CBWebImageDownloadClientBase.h */ = {isa = PBXFileReference; fileEncoding = 4; lastKnownFileType = sourcecode.c.h; path = CBWebImageDownloadClientBase.h; sourceTree = "<group>"; };
		D7CD450018252083009B2F19 /* CBWebImageDownloadClientBase.m */ = {isa = PBXFileReference; fileEncoding = 4; lastKnownFileType = sourcecode.c.objc; path = CBWebImageDownloadClientBase.m; sourceTree = "<group>"; };
		D7CD450118252083009B2F19 /* CBWebImageDownloader.h */ = {isa = PBXFileReference; fileEncoding = 4; lastKnownFileType = sourcecode.c.h; path = CBWebImageDownloader.h; sourceTree = "<group>"; };
		D7CD450218252083009B2F19 /* CBWebImageDownloader.m */ = {isa = PBXFileReference; fileEncoding = 4; lastKnownFileType = sourcecode.c.objc; path = CBWebImageDownloader.m; sourceTree = "<group>"; };
		D7CD450318252083009B2F19 /* CBWebImageManager.h */ = {isa = PBXFileReference; fileEncoding = 4; lastKnownFileType = sourcecode.c.h; path = CBWebImageManager.h; sourceTree = "<group>"; };
		D7CD450418252083009B2F19 /* CBWebImageManager.m */ = {isa = PBXFileReference; fileEncoding = 4; lastKnownFileType = sourcecode.c.objc; path = CBWebImageManager.m; sourceTree = "<group>"; };
		D7CD450518252083009B2F19 /* CBWebImageNetworkDownloadClient.h */ = {isa = PBXFileReference; fileEncoding = 4; lastKnownFileType = sourcecode.c.h; path = CBWebImageNetworkDownloadClient.h; sourceTree = "<group>"; };
		D7CD450618252083009B2F19 /* CBWebImageNetworkDownloadClient.m */ = {isa = PBXFileReference; fileEncoding = 4; lastKnownFileType = sourcecode.c.objc; path = CBWebImageNetworkDownloadClient.m; sourceTree = "<group>"; };
		D7CD450718252083009B2F19 /* CBWebImageUtils.h */ = {isa = PBXFileReference; fileEncoding = 4; lastKnownFileType = sourcecode.c.h; path = CBWebImageUtils.h; sourceTree = "<group>"; };
		D7CD450818252083009B2F19 /* CBWebImageUtils.m */ = {isa = PBXFileReference; fileEncoding = 4; lastKnownFileType = sourcecode.c.objc; path = CBWebImageUtils.m; sourceTree = "<group>"; };
		D7CD450918252083009B2F19 /* UIImageView+CBWebImage.h */ = {isa = PBXFileReference; fileEncoding = 4; lastKnownFileType = sourcecode.c.h; path = "UIImageView+CBWebImage.h"; sourceTree = "<group>"; };
		D7CD450A18252083009B2F19 /* UIImageView+CBWebImage.m */ = {isa = PBXFileReference; fileEncoding = 4; lastKnownFileType = sourcecode.c.objc; path = "UIImageView+CBWebImage.m"; sourceTree = "<group>"; };
		D7CD450B18252083009B2F19 /* UIImageView+CBWebImageAnimation.h */ = {isa = PBXFileReference; fileEncoding = 4; lastKnownFileType = sourcecode.c.h; path = "UIImageView+CBWebImageAnimation.h"; sourceTree = "<group>"; };
		D7CD450C18252083009B2F19 /* UIImageView+CBWebImageAnimation.m */ = {isa = PBXFileReference; fileEncoding = 4; lastKnownFileType = sourcecode.c.objc; path = "UIImageView+CBWebImageAnimation.m"; sourceTree = "<group>"; };
		D7CD451918253948009B2F19 /* Utils.h */ = {isa = PBXFileReference; fileEncoding = 4; lastKnownFileType = sourcecode.c.h; path = Utils.h; sourceTree = "<group>"; };
		D7CD451A18253948009B2F19 /* Utils.m */ = {isa = PBXFileReference; fileEncoding = 4; lastKnownFileType = sourcecode.c.objc; path = Utils.m; sourceTree = "<group>"; };
		D7CD451C18253B87009B2F19 /* credentials.txt */ = {isa = PBXFileReference; fileEncoding = 4; lastKnownFileType = text; path = credentials.txt; sourceTree = "<group>"; };
		D7CD453018257CA1009B2F19 /* bnt_new.png */ = {isa = PBXFileReference; lastKnownFileType = image.png; path = bnt_new.png; sourceTree = "<group>"; };
		D7CD453118257CA1009B2F19 /* bnt_new@2x.png */ = {isa = PBXFileReference; lastKnownFileType = image.png; path = "bnt_new@2x.png"; sourceTree = "<group>"; };
		D7CD453218257CA1009B2F19 /* btn_join.png */ = {isa = PBXFileReference; lastKnownFileType = image.png; path = btn_join.png; sourceTree = "<group>"; };
		D7CD453318257CA1009B2F19 /* btn_join@2x.png */ = {isa = PBXFileReference; lastKnownFileType = image.png; path = "btn_join@2x.png"; sourceTree = "<group>"; };
		D7CD453818257E50009B2F19 /* icon.png */ = {isa = PBXFileReference; lastKnownFileType = image.png; path = icon.png; sourceTree = "<group>"; };
		D7CD453918257E50009B2F19 /* icon@2x.png */ = {isa = PBXFileReference; lastKnownFileType = image.png; path = "icon@2x.png"; sourceTree = "<group>"; };
		D7CD453A18257E50009B2F19 /* im_logo_nav.png */ = {isa = PBXFileReference; lastKnownFileType = image.png; path = im_logo_nav.png; sourceTree = "<group>"; };
		D7CD453B18257E50009B2F19 /* im_logo_nav@2x.png */ = {isa = PBXFileReference; lastKnownFileType = image.png; path = "im_logo_nav@2x.png"; sourceTree = "<group>"; };
		D7CD4540182580A5009B2F19 /* bg_input.png */ = {isa = PBXFileReference; lastKnownFileType = image.png; path = bg_input.png; sourceTree = "<group>"; };
		D7CD4541182580A5009B2F19 /* bg_input@2x.png */ = {isa = PBXFileReference; lastKnownFileType = image.png; path = "bg_input@2x.png"; sourceTree = "<group>"; };
		D7CD4542182580A5009B2F19 /* im_title_code.png */ = {isa = PBXFileReference; lastKnownFileType = image.png; path = im_title_code.png; sourceTree = "<group>"; };
		D7CD4543182580A5009B2F19 /* im_title_code@2x.png */ = {isa = PBXFileReference; lastKnownFileType = image.png; path = "im_title_code@2x.png"; sourceTree = "<group>"; };
		D7CD4544182580A5009B2F19 /* im_title_member.png */ = {isa = PBXFileReference; lastKnownFileType = image.png; path = im_title_member.png; sourceTree = "<group>"; };
		D7CD4545182580A5009B2F19 /* im_title_member@2x.png */ = {isa = PBXFileReference; lastKnownFileType = image.png; path = "im_title_member@2x.png"; sourceTree = "<group>"; };
/* End PBXFileReference section */

/* Begin PBXFrameworksBuildPhase section */
		D7B3C9811824F3A900EB253A /* Frameworks */ = {
			isa = PBXFrameworksBuildPhase;
			buildActionMask = 2147483647;
			files = (
				D7B3C98A1824F3A900EB253A /* CoreGraphics.framework in Frameworks */,
				D7B3C98C1824F3A900EB253A /* UIKit.framework in Frameworks */,
				D7B3C9881824F3A900EB253A /* Foundation.framework in Frameworks */,
			);
			runOnlyForDeploymentPostprocessing = 0;
		};
		D7B3C9A21824F3A900EB253A /* Frameworks */ = {
			isa = PBXFrameworksBuildPhase;
			buildActionMask = 2147483647;
			files = (
				D7B3C9A71824F3A900EB253A /* XCTest.framework in Frameworks */,
				D7B3C9A91824F3A900EB253A /* UIKit.framework in Frameworks */,
				D7B3C9A81824F3A900EB253A /* Foundation.framework in Frameworks */,
			);
			runOnlyForDeploymentPostprocessing = 0;
		};
/* End PBXFrameworksBuildPhase section */

/* Begin PBXGroup section */
		D7B3C97B1824F3A900EB253A = {
			isa = PBXGroup;
			children = (
				D7B3C98D1824F3A900EB253A /* PhotoParty */,
				D7B3C9AC1824F3A900EB253A /* PhotoPartyTests */,
				D7B3C9861824F3A900EB253A /* Frameworks */,
				D7B3C9851824F3A900EB253A /* Products */,
			);
			sourceTree = "<group>";
		};
		D7B3C9851824F3A900EB253A /* Products */ = {
			isa = PBXGroup;
			children = (
				D7B3C9841824F3A900EB253A /* PhotoParty.app */,
				D7B3C9A51824F3A900EB253A /* PhotoPartyTests.xctest */,
			);
			name = Products;
			sourceTree = "<group>";
		};
		D7B3C9861824F3A900EB253A /* Frameworks */ = {
			isa = PBXGroup;
			children = (
				D7B3C9871824F3A900EB253A /* Foundation.framework */,
				D7B3C9891824F3A900EB253A /* CoreGraphics.framework */,
				D7B3C98B1824F3A900EB253A /* UIKit.framework */,
				D7B3C9A61824F3A900EB253A /* XCTest.framework */,
			);
			name = Frameworks;
			sourceTree = "<group>";
		};
		D7B3C98D1824F3A900EB253A /* PhotoParty */ = {
			isa = PBXGroup;
			children = (
				D7CD452F18257C93009B2F19 /* Resources */,
				D7CD451C18253B87009B2F19 /* credentials.txt */,
				D7CD44EF18252083009B2F19 /* CBWebImage */,
				D7CD451E182551B0009B2F19 /* TRVEvent */,
				D7B3C9C51825078100EB253A /* Controllers */,
				D7B3C9961824F3A900EB253A /* AppDelegate.h */,
				D7B3C9971824F3A900EB253A /* AppDelegate.m */,
				D7B3C9991824F3A900EB253A /* Main.storyboard */,
				D7B3C99F1824F3A900EB253A /* Images.xcassets */,
				D7B3C98E1824F3A900EB253A /* Supporting Files */,
				D7CD451918253948009B2F19 /* Utils.h */,
				D7CD451A18253948009B2F19 /* Utils.m */,
			);
			path = PhotoParty;
			sourceTree = "<group>";
		};
		D7B3C98E1824F3A900EB253A /* Supporting Files */ = {
			isa = PBXGroup;
			children = (
				D7B3C98F1824F3A900EB253A /* PhotoParty-Info.plist */,
				D7B3C9901824F3A900EB253A /* InfoPlist.strings */,
				D7B3C9931824F3A900EB253A /* main.m */,
				D7B3C9951824F3A900EB253A /* PhotoParty-Prefix.pch */,
			);
			name = "Supporting Files";
			sourceTree = "<group>";
		};
		D7B3C9AC1824F3A900EB253A /* PhotoPartyTests */ = {
			isa = PBXGroup;
			children = (
				D7B3C9B21824F3A900EB253A /* PhotoPartyTests.m */,
				D7B3C9AD1824F3A900EB253A /* Supporting Files */,
			);
			path = PhotoPartyTests;
			sourceTree = "<group>";
		};
		D7B3C9AD1824F3A900EB253A /* Supporting Files */ = {
			isa = PBXGroup;
			children = (
				D7B3C9AE1824F3A900EB253A /* PhotoPartyTests-Info.plist */,
				D7B3C9AF1824F3A900EB253A /* InfoPlist.strings */,
			);
			name = "Supporting Files";
			sourceTree = "<group>";
		};
		D7B3C9C51825078100EB253A /* Controllers */ = {
			isa = PBXGroup;
			children = (
				D7B3C99C1824F3A900EB253A /* MainViewController.h */,
				D7B3C99D1824F3A900EB253A /* MainViewController.m */,
				D7B3C9BF1824FF5600EB253A /* MissionJoinViewController.h */,
				D7B3C9C01824FF5600EB253A /* MissionJoinViewController.m */,
				D7B3C9BC1824FDEA00EB253A /* MissionCreateViewController.h */,
				D7B3C9BD1824FDEB00EB253A /* MissionCreateViewController.m */,
				D7B3C9C21825077C00EB253A /* CollageViewController.h */,
				D7B3C9C31825077C00EB253A /* CollageViewController.m */,
			);
			name = Controllers;
			sourceTree = "<group>";
		};
		D7CD44EF18252083009B2F19 /* CBWebImage */ = {
			isa = PBXGroup;
			children = (
				D7CD44F018252083009B2F19 /* Categories */,
				D7CD44F518252083009B2F19 /* CBImageCache.h */,
				D7CD44F618252083009B2F19 /* CBImageCache.m */,
				D7CD44F918252083009B2F19 /* CBWebImage-Prefix.pch */,
				D7CD44FA18252083009B2F19 /* CBWebImage.h */,
				D7CD44FB18252083009B2F19 /* CBWebImageCacheDownloadClient.h */,
				D7CD44FC18252083009B2F19 /* CBWebImageCacheDownloadClient.m */,
				D7CD44FD18252083009B2F19 /* CBWebImageCompat.h */,
				D7CD44FE18252083009B2F19 /* CBWebImageDownloadClient.h */,
				D7CD44FF18252083009B2F19 /* CBWebImageDownloadClientBase.h */,
				D7CD450018252083009B2F19 /* CBWebImageDownloadClientBase.m */,
				D7CD450118252083009B2F19 /* CBWebImageDownloader.h */,
				D7CD450218252083009B2F19 /* CBWebImageDownloader.m */,
				D7CD450318252083009B2F19 /* CBWebImageManager.h */,
				D7CD450418252083009B2F19 /* CBWebImageManager.m */,
				D7CD450518252083009B2F19 /* CBWebImageNetworkDownloadClient.h */,
				D7CD450618252083009B2F19 /* CBWebImageNetworkDownloadClient.m */,
				D7CD450718252083009B2F19 /* CBWebImageUtils.h */,
				D7CD450818252083009B2F19 /* CBWebImageUtils.m */,
				D7CD450918252083009B2F19 /* UIImageView+CBWebImage.h */,
				D7CD450A18252083009B2F19 /* UIImageView+CBWebImage.m */,
				D7CD450B18252083009B2F19 /* UIImageView+CBWebImageAnimation.h */,
				D7CD450C18252083009B2F19 /* UIImageView+CBWebImageAnimation.m */,
			);
			path = CBWebImage;
			sourceTree = "<group>";
		};
		D7CD44F018252083009B2F19 /* Categories */ = {
			isa = PBXGroup;
			children = (
				D7CD44F118252083009B2F19 /* UIImage+GIF.h */,
				D7CD44F218252083009B2F19 /* UIImage+GIF.m */,
				D7CD44F318252083009B2F19 /* UIScreen+CBWebImageAdditions.h */,
				D7CD44F418252083009B2F19 /* UIScreen+CBWebImageAdditions.m */,
			);
			path = Categories;
			sourceTree = "<group>";
		};
		D7CD451E182551B0009B2F19 /* TRVEvent */ = {
			isa = PBXGroup;
			children = (
				D7CD44E818251E4F009B2F19 /* TRVSEventSource.h */,
				D7CD44E918251E4F009B2F19 /* TRVSEventSource.m */,
				D7CD44EA18251E4F009B2F19 /* TRVSEventSourceDelegate.h */,
				D7CD44EB18251E4F009B2F19 /* TRVSServerSentEvent.h */,
				D7CD44EC18251E4F009B2F19 /* TRVSServerSentEvent.m */,
			);
			name = TRVEvent;
			sourceTree = "<group>";
		};
		D7CD452F18257C93009B2F19 /* Resources */ = {
			isa = PBXGroup;
			children = (
				D7CD453818257E50009B2F19 /* icon.png */,
				D7CD453918257E50009B2F19 /* icon@2x.png */,
				D7CD453A18257E50009B2F19 /* im_logo_nav.png */,
				D7CD453B18257E50009B2F19 /* im_logo_nav@2x.png */,
				D7CD453018257CA1009B2F19 /* bnt_new.png */,
				D7CD453118257CA1009B2F19 /* bnt_new@2x.png */,
				D7CD453218257CA1009B2F19 /* btn_join.png */,
				D7CD453318257CA1009B2F19 /* btn_join@2x.png */,
				D7CD4540182580A5009B2F19 /* bg_input.png */,
				D7CD4541182580A5009B2F19 /* bg_input@2x.png */,
				D7CD4542182580A5009B2F19 /* im_title_code.png */,
				D7CD4543182580A5009B2F19 /* im_title_code@2x.png */,
				D7CD4544182580A5009B2F19 /* im_title_member.png */,
				D7CD4545182580A5009B2F19 /* im_title_member@2x.png */,
			);
			name = Resources;
			sourceTree = "<group>";
		};
/* End PBXGroup section */

/* Begin PBXNativeTarget section */
		D7B3C9831824F3A900EB253A /* PhotoParty */ = {
			isa = PBXNativeTarget;
			buildConfigurationList = D7B3C9B61824F3A900EB253A /* Build configuration list for PBXNativeTarget "PhotoParty" */;
			buildPhases = (
				D7B3C9801824F3A900EB253A /* Sources */,
				D7B3C9811824F3A900EB253A /* Frameworks */,
				D7B3C9821824F3A900EB253A /* Resources */,
			);
			buildRules = (
			);
			dependencies = (
			);
			name = PhotoParty;
			productName = PhotoParty;
			productReference = D7B3C9841824F3A900EB253A /* PhotoParty.app */;
			productType = "com.apple.product-type.application";
		};
		D7B3C9A41824F3A900EB253A /* PhotoPartyTests */ = {
			isa = PBXNativeTarget;
			buildConfigurationList = D7B3C9B91824F3A900EB253A /* Build configuration list for PBXNativeTarget "PhotoPartyTests" */;
			buildPhases = (
				D7B3C9A11824F3A900EB253A /* Sources */,
				D7B3C9A21824F3A900EB253A /* Frameworks */,
				D7B3C9A31824F3A900EB253A /* Resources */,
			);
			buildRules = (
			);
			dependencies = (
				D7B3C9AB1824F3A900EB253A /* PBXTargetDependency */,
			);
			name = PhotoPartyTests;
			productName = PhotoPartyTests;
			productReference = D7B3C9A51824F3A900EB253A /* PhotoPartyTests.xctest */;
			productType = "com.apple.product-type.bundle.unit-test";
		};
/* End PBXNativeTarget section */

/* Begin PBXProject section */
		D7B3C97C1824F3A900EB253A /* Project object */ = {
			isa = PBXProject;
			attributes = {
				LastUpgradeCheck = 0500;
				ORGANIZATIONNAME = "David Lliu";
				TargetAttributes = {
					D7B3C9831824F3A900EB253A = {
						DevelopmentTeam = F6J8B455GU;
					};
					D7B3C9A41824F3A900EB253A = {
						TestTargetID = D7B3C9831824F3A900EB253A;
					};
				};
			};
			buildConfigurationList = D7B3C97F1824F3A900EB253A /* Build configuration list for PBXProject "PhotoParty" */;
			compatibilityVersion = "Xcode 3.2";
			developmentRegion = English;
			hasScannedForEncodings = 0;
			knownRegions = (
				en,
				Base,
			);
			mainGroup = D7B3C97B1824F3A900EB253A;
			productRefGroup = D7B3C9851824F3A900EB253A /* Products */;
			projectDirPath = "";
			projectRoot = "";
			targets = (
				D7B3C9831824F3A900EB253A /* PhotoParty */,
				D7B3C9A41824F3A900EB253A /* PhotoPartyTests */,
			);
		};
/* End PBXProject section */

/* Begin PBXResourcesBuildPhase section */
		D7B3C9821824F3A900EB253A /* Resources */ = {
			isa = PBXResourcesBuildPhase;
			buildActionMask = 2147483647;
			files = (
				D7CD453F18257E50009B2F19 /* im_logo_nav@2x.png in Resources */,
				D7CD4546182580A5009B2F19 /* bg_input.png in Resources */,
				D7B3C9A01824F3A900EB253A /* Images.xcassets in Resources */,
				D7CD4549182580A5009B2F19 /* im_title_code@2x.png in Resources */,
				D7CD4548182580A5009B2F19 /* im_title_code.png in Resources */,
				D7B3C9921824F3A900EB253A /* InfoPlist.strings in Resources */,
				D7CD454B182580A5009B2F19 /* im_title_member@2x.png in Resources */,
				D7CD453718257CA1009B2F19 /* btn_join@2x.png in Resources */,
				D7CD453618257CA1009B2F19 /* btn_join.png in Resources */,
				D7CD454A182580A5009B2F19 /* im_title_member.png in Resources */,
				D7CD453C18257E50009B2F19 /* icon.png in Resources */,
				D7B3C99B1824F3A900EB253A /* Main.storyboard in Resources */,
				D7CD453518257CA1009B2F19 /* bnt_new@2x.png in Resources */,
				D7CD453418257CA1009B2F19 /* bnt_new.png in Resources */,
				D7CD453E18257E50009B2F19 /* im_logo_nav.png in Resources */,
				D7CD451D18253B87009B2F19 /* credentials.txt in Resources */,
				D7CD4547182580A5009B2F19 /* bg_input@2x.png in Resources */,
				D7CD453D18257E50009B2F19 /* icon@2x.png in Resources */,
			);
			runOnlyForDeploymentPostprocessing = 0;
		};
		D7B3C9A31824F3A900EB253A /* Resources */ = {
			isa = PBXResourcesBuildPhase;
			buildActionMask = 2147483647;
			files = (
				D7B3C9B11824F3A900EB253A /* InfoPlist.strings in Resources */,
			);
			runOnlyForDeploymentPostprocessing = 0;
		};
/* End PBXResourcesBuildPhase section */

/* Begin PBXSourcesBuildPhase section */
		D7B3C9801824F3A900EB253A /* Sources */ = {
			isa = PBXSourcesBuildPhase;
			buildActionMask = 2147483647;
			files = (
				D7CD450D18252083009B2F19 /* UIImage+GIF.m in Sources */,
				D7CD451318252083009B2F19 /* CBWebImageDownloader.m in Sources */,
				D7CD451718252083009B2F19 /* UIImageView+CBWebImage.m in Sources */,
				D7CD451B18253948009B2F19 /* Utils.m in Sources */,
				D7B3C9C41825077C00EB253A /* CollageViewController.m in Sources */,
				D7B3C99E1824F3A900EB253A /* MainViewController.m in Sources */,
				D7CD450E18252083009B2F19 /* UIScreen+CBWebImageAdditions.m in Sources */,
				D7CD451618252083009B2F19 /* CBWebImageUtils.m in Sources */,
				D7CD451518252083009B2F19 /* CBWebImageNetworkDownloadClient.m in Sources */,
				D7CD450F18252083009B2F19 /* CBImageCache.m in Sources */,
				D7CD44EE18251E4F009B2F19 /* TRVSServerSentEvent.m in Sources */,
				D7B3C9BE1824FDEB00EB253A /* MissionCreateViewController.m in Sources */,
				D7CD451218252083009B2F19 /* CBWebImageDownloadClientBase.m in Sources */,
				D7B3C9C11824FF5600EB253A /* MissionJoinViewController.m in Sources */,
				D7B3C9981824F3A900EB253A /* AppDelegate.m in Sources */,
				D7CD451818252083009B2F19 /* UIImageView+CBWebImageAnimation.m in Sources */,
				D7CD44ED18251E4F009B2F19 /* TRVSEventSource.m in Sources */,
				D7CD451118252083009B2F19 /* CBWebImageCacheDownloadClient.m in Sources */,
				D7B3C9941824F3A900EB253A /* main.m in Sources */,
				D7CD451418252083009B2F19 /* CBWebImageManager.m in Sources */,
			);
			runOnlyForDeploymentPostprocessing = 0;
		};
		D7B3C9A11824F3A900EB253A /* Sources */ = {
			isa = PBXSourcesBuildPhase;
			buildActionMask = 2147483647;
			files = (
				D7B3C9B31824F3A900EB253A /* PhotoPartyTests.m in Sources */,
			);
			runOnlyForDeploymentPostprocessing = 0;
		};
/* End PBXSourcesBuildPhase section */

/* Begin PBXTargetDependency section */
		D7B3C9AB1824F3A900EB253A /* PBXTargetDependency */ = {
			isa = PBXTargetDependency;
			target = D7B3C9831824F3A900EB253A /* PhotoParty */;
			targetProxy = D7B3C9AA1824F3A900EB253A /* PBXContainerItemProxy */;
		};
/* End PBXTargetDependency section */

/* Begin PBXVariantGroup section */
		D7B3C9901824F3A900EB253A /* InfoPlist.strings */ = {
			isa = PBXVariantGroup;
			children = (
				D7B3C9911824F3A900EB253A /* en */,
			);
			name = InfoPlist.strings;
			sourceTree = "<group>";
		};
		D7B3C9991824F3A900EB253A /* Main.storyboard */ = {
			isa = PBXVariantGroup;
			children = (
				D7B3C99A1824F3A900EB253A /* Base */,
			);
			name = Main.storyboard;
			sourceTree = "<group>";
		};
		D7B3C9AF1824F3A900EB253A /* InfoPlist.strings */ = {
			isa = PBXVariantGroup;
			children = (
				D7B3C9B01824F3A900EB253A /* en */,
			);
			name = InfoPlist.strings;
			sourceTree = "<group>";
		};
/* End PBXVariantGroup section */

/* Begin XCBuildConfiguration section */
		D7B3C9B41824F3A900EB253A /* Debug */ = {
			isa = XCBuildConfiguration;
			buildSettings = {
				ALWAYS_SEARCH_USER_PATHS = NO;
				ARCHS = "$(ARCHS_STANDARD_INCLUDING_64_BIT)";
				CLANG_CXX_LANGUAGE_STANDARD = "gnu++0x";
				CLANG_CXX_LIBRARY = "libc++";
				CLANG_ENABLE_MODULES = YES;
				CLANG_ENABLE_OBJC_ARC = YES;
				CLANG_WARN_BOOL_CONVERSION = YES;
				CLANG_WARN_CONSTANT_CONVERSION = YES;
				CLANG_WARN_DIRECT_OBJC_ISA_USAGE = YES_ERROR;
				CLANG_WARN_EMPTY_BODY = YES;
				CLANG_WARN_ENUM_CONVERSION = YES;
				CLANG_WARN_INT_CONVERSION = YES;
				CLANG_WARN_OBJC_ROOT_CLASS = YES_ERROR;
				CLANG_WARN__DUPLICATE_METHOD_MATCH = YES;
				"CODE_SIGN_IDENTITY[sdk=iphoneos*]" = "iPhone Developer";
				COPY_PHASE_STRIP = NO;
				GCC_C_LANGUAGE_STANDARD = gnu99;
				GCC_DYNAMIC_NO_PIC = NO;
				GCC_OPTIMIZATION_LEVEL = 0;
				GCC_PREPROCESSOR_DEFINITIONS = (
					"DEBUG=1",
					"$(inherited)",
				);
				GCC_SYMBOLS_PRIVATE_EXTERN = NO;
				GCC_WARN_64_TO_32_BIT_CONVERSION = YES;
				GCC_WARN_ABOUT_RETURN_TYPE = YES_ERROR;
				GCC_WARN_UNDECLARED_SELECTOR = YES;
				GCC_WARN_UNINITIALIZED_AUTOS = YES;
				GCC_WARN_UNUSED_FUNCTION = YES;
				GCC_WARN_UNUSED_VARIABLE = YES;
				IPHONEOS_DEPLOYMENT_TARGET = 7.0;
				ONLY_ACTIVE_ARCH = YES;
				SDKROOT = iphoneos;
			};
			name = Debug;
		};
		D7B3C9B51824F3A900EB253A /* Release */ = {
			isa = XCBuildConfiguration;
			buildSettings = {
				ALWAYS_SEARCH_USER_PATHS = NO;
				ARCHS = "$(ARCHS_STANDARD_INCLUDING_64_BIT)";
				CLANG_CXX_LANGUAGE_STANDARD = "gnu++0x";
				CLANG_CXX_LIBRARY = "libc++";
				CLANG_ENABLE_MODULES = YES;
				CLANG_ENABLE_OBJC_ARC = YES;
				CLANG_WARN_BOOL_CONVERSION = YES;
				CLANG_WARN_CONSTANT_CONVERSION = YES;
				CLANG_WARN_DIRECT_OBJC_ISA_USAGE = YES_ERROR;
				CLANG_WARN_EMPTY_BODY = YES;
				CLANG_WARN_ENUM_CONVERSION = YES;
				CLANG_WARN_INT_CONVERSION = YES;
				CLANG_WARN_OBJC_ROOT_CLASS = YES_ERROR;
				CLANG_WARN__DUPLICATE_METHOD_MATCH = YES;
				"CODE_SIGN_IDENTITY[sdk=iphoneos*]" = "iPhone Developer";
				COPY_PHASE_STRIP = YES;
				ENABLE_NS_ASSERTIONS = NO;
				GCC_C_LANGUAGE_STANDARD = gnu99;
				GCC_WARN_64_TO_32_BIT_CONVERSION = YES;
				GCC_WARN_ABOUT_RETURN_TYPE = YES_ERROR;
				GCC_WARN_UNDECLARED_SELECTOR = YES;
				GCC_WARN_UNINITIALIZED_AUTOS = YES;
				GCC_WARN_UNUSED_FUNCTION = YES;
				GCC_WARN_UNUSED_VARIABLE = YES;
				IPHONEOS_DEPLOYMENT_TARGET = 7.0;
				SDKROOT = iphoneos;
				VALIDATE_PRODUCT = YES;
			};
			name = Release;
		};
		D7B3C9B71824F3A900EB253A /* Debug */ = {
			isa = XCBuildConfiguration;
			buildSettings = {
				ASSETCATALOG_COMPILER_APPICON_NAME = AppIcon;
				ASSETCATALOG_COMPILER_LAUNCHIMAGE_NAME = LaunchImage;
				CODE_SIGN_IDENTITY = "iPhone Developer";
				"CODE_SIGN_IDENTITY[sdk=iphoneos*]" = "iPhone Developer";
				GCC_PRECOMPILE_PREFIX_HEADER = YES;
				GCC_PREFIX_HEADER = "PhotoParty/PhotoParty-Prefix.pch";
				INFOPLIST_FILE = "PhotoParty/PhotoParty-Info.plist";
				PRODUCT_NAME = "$(TARGET_NAME)";
				PROVISIONING_PROFILE = "";
				WRAPPER_EXTENSION = app;
			};
			name = Debug;
		};
		D7B3C9B81824F3A900EB253A /* Release */ = {
			isa = XCBuildConfiguration;
			buildSettings = {
				ASSETCATALOG_COMPILER_APPICON_NAME = AppIcon;
				ASSETCATALOG_COMPILER_LAUNCHIMAGE_NAME = LaunchImage;
				CODE_SIGN_IDENTITY = "iPhone Developer";
				"CODE_SIGN_IDENTITY[sdk=iphoneos*]" = "iPhone Developer";
				GCC_PRECOMPILE_PREFIX_HEADER = YES;
				GCC_PREFIX_HEADER = "PhotoParty/PhotoParty-Prefix.pch";
				INFOPLIST_FILE = "PhotoParty/PhotoParty-Info.plist";
				PRODUCT_NAME = "$(TARGET_NAME)";
				PROVISIONING_PROFILE = "";
				WRAPPER_EXTENSION = app;
			};
			name = Release;
		};
		D7B3C9BA1824F3A900EB253A /* Debug */ = {
			isa = XCBuildConfiguration;
			buildSettings = {
				ARCHS = "$(ARCHS_STANDARD_INCLUDING_64_BIT)";
				BUNDLE_LOADER = "$(BUILT_PRODUCTS_DIR)/PhotoParty.app/PhotoParty";
				FRAMEWORK_SEARCH_PATHS = (
					"$(SDKROOT)/Developer/Library/Frameworks",
					"$(inherited)",
					"$(DEVELOPER_FRAMEWORKS_DIR)",
				);
				GCC_PRECOMPILE_PREFIX_HEADER = YES;
				GCC_PREFIX_HEADER = "PhotoParty/PhotoParty-Prefix.pch";
				GCC_PREPROCESSOR_DEFINITIONS = (
					"DEBUG=1",
					"$(inherited)",
				);
				INFOPLIST_FILE = "PhotoPartyTests/PhotoPartyTests-Info.plist";
				PRODUCT_NAME = "$(TARGET_NAME)";
				TEST_HOST = "$(BUNDLE_LOADER)";
				WRAPPER_EXTENSION = xctest;
			};
			name = Debug;
		};
		D7B3C9BB1824F3A900EB253A /* Release */ = {
			isa = XCBuildConfiguration;
			buildSettings = {
				ARCHS = "$(ARCHS_STANDARD_INCLUDING_64_BIT)";
				BUNDLE_LOADER = "$(BUILT_PRODUCTS_DIR)/PhotoParty.app/PhotoParty";
				FRAMEWORK_SEARCH_PATHS = (
					"$(SDKROOT)/Developer/Library/Frameworks",
					"$(inherited)",
					"$(DEVELOPER_FRAMEWORKS_DIR)",
				);
				GCC_PRECOMPILE_PREFIX_HEADER = YES;
				GCC_PREFIX_HEADER = "PhotoParty/PhotoParty-Prefix.pch";
				INFOPLIST_FILE = "PhotoPartyTests/PhotoPartyTests-Info.plist";
				PRODUCT_NAME = "$(TARGET_NAME)";
				TEST_HOST = "$(BUNDLE_LOADER)";
				WRAPPER_EXTENSION = xctest;
			};
			name = Release;
		};
/* End XCBuildConfiguration section */

/* Begin XCConfigurationList section */
		D7B3C97F1824F3A900EB253A /* Build configuration list for PBXProject "PhotoParty" */ = {
			isa = XCConfigurationList;
			buildConfigurations = (
				D7B3C9B41824F3A900EB253A /* Debug */,
				D7B3C9B51824F3A900EB253A /* Release */,
			);
			defaultConfigurationIsVisible = 0;
			defaultConfigurationName = Release;
		};
		D7B3C9B61824F3A900EB253A /* Build configuration list for PBXNativeTarget "PhotoParty" */ = {
			isa = XCConfigurationList;
			buildConfigurations = (
				D7B3C9B71824F3A900EB253A /* Debug */,
				D7B3C9B81824F3A900EB253A /* Release */,
			);
			defaultConfigurationIsVisible = 0;
			defaultConfigurationName = Release;
		};
		D7B3C9B91824F3A900EB253A /* Build configuration list for PBXNativeTarget "PhotoPartyTests" */ = {
			isa = XCConfigurationList;
			buildConfigurations = (
				D7B3C9BA1824F3A900EB253A /* Debug */,
				D7B3C9BB1824F3A900EB253A /* Release */,
			);
			defaultConfigurationIsVisible = 0;
			defaultConfigurationName = Release;
		};
/* End XCConfigurationList section */
	};
	rootObject = D7B3C97C1824F3A900EB253A /* Project object */;
}
